
Microsoft Visual Studio Solution File, Format Version 12.00
# Visual Studio 2012
Project("{FAE04EC0-301F-11D3-BF4B-00C04F79EFBC}") = "TrackerModels", "TrackerModels\TrackerModels.csproj", "{BF083221-89B8-43A6-BA6F-4268C9F8897F}"
EndProject
Global
	GlobalSection(SolutionConfigurationPlatforms) = preSolution
		Debug|Any CPU = Debug|Any CPU
		Release|Any CPU = Release|Any CPU
	EndGlobalSection
	GlobalSection(ProjectConfigurationPlatforms) = postSolution
		{BF083221-89B8-43A6-BA6F-4268C9F8897F}.Debug|Any CPU.ActiveCfg = Debug|Any CPU
		{BF083221-89B8-43A6-BA6F-4268C9F8897F}.Debug|Any CPU.Build.0 = Debug|Any CPU
		{BF083221-89B8-43A6-BA6F-4268C9F8897F}.Release|Any CPU.ActiveCfg = Release|Any CPU
		{BF083221-89B8-43A6-BA6F-4268C9F8897F}.Release|Any CPU.Build.0 = Release|Any CPU
	EndGlobalSection
	GlobalSection(SolutionProperties) = preSolution
		HideSolutionNode = FALSE
	EndGlobalSection
EndGlobal
